
Microsoft Visual Studio Solution File, Format Version 12.00
# Visual Studio Version 17
VisualStudioVersion = 17.11.35208.52
MinimumVisualStudioVersion = 10.0.40219.1
Project("{FAE04EC0-301F-11D3-BF4B-00C04F79EFBC}") = "Sesion5_ejercicio1", "Sesion5_ejercicio1.csproj", "{BE2B0687-3AB9-47BF-A4FE-1B9B11FC72D5}"
EndProject
Global
	GlobalSection(SolutionConfigurationPlatforms) = preSolution
		Debug|Any CPU = Debug|Any CPU
		Release|Any CPU = Release|Any CPU
	EndGlobalSection
	GlobalSection(ProjectConfigurationPlatforms) = postSolution
		{BE2B0687-3AB9-47BF-A4FE-1B9B11FC72D5}.Debug|Any CPU.ActiveCfg = Debug|Any CPU
		{BE2B0687-3AB9-47BF-A4FE-1B9B11FC72D5}.Debug|Any CPU.Build.0 = Debug|Any CPU
		{BE2B0687-3AB9-47BF-A4FE-1B9B11FC72D5}.Release|Any CPU.ActiveCfg = Release|Any CPU
		{BE2B0687-3AB9-47BF-A4FE-1B9B11FC72D5}.Release|Any CPU.Build.0 = Release|Any CPU
	EndGlobalSection
	GlobalSection(SolutionProperties) = preSolution
		HideSolutionNode = FALSE
	EndGlobalSection
	GlobalSection(ExtensibilityGlobals) = postSolution
		SolutionGuid = {C0B83A90-A8DA-4139-82BA-A44AB1D41B70}
	EndGlobalSection
EndGlobal
