
Microsoft Visual Studio Solution File, Format Version 12.00
# Visual Studio Version 17
VisualStudioVersion = 17.11.35208.52
MinimumVisualStudioVersion = 10.0.40219.1
Project("{FAE04EC0-301F-11D3-BF4B-00C04F79EFBC}") = "Sesion2", "Sesion2\Sesion2.csproj", "{4ADE3E2D-A898-4140-A632-36B314630BA6}"
EndProject
Global
	GlobalSection(SolutionConfigurationPlatforms) = preSolution
		Debug|Any CPU = Debug|Any CPU
		Release|Any CPU = Release|Any CPU
	EndGlobalSection
	GlobalSection(ProjectConfigurationPlatforms) = postSolution
		{4ADE3E2D-A898-4140-A632-36B314630BA6}.Debug|Any CPU.ActiveCfg = Debug|Any CPU
		{4ADE3E2D-A898-4140-A632-36B314630BA6}.Debug|Any CPU.Build.0 = Debug|Any CPU
		{4ADE3E2D-A898-4140-A632-36B314630BA6}.Release|Any CPU.ActiveCfg = Release|Any CPU
		{4ADE3E2D-A898-4140-A632-36B314630BA6}.Release|Any CPU.Build.0 = Release|Any CPU
	EndGlobalSection
	GlobalSection(SolutionProperties) = preSolution
		HideSolutionNode = FALSE
	EndGlobalSection
	GlobalSection(ExtensibilityGlobals) = postSolution
		SolutionGuid = {B64C55A7-F363-4C29-9384-1E4F287725C6}
	EndGlobalSection
EndGlobal
